Microsoft Visual Studio Solution File, Format Version 12.00
# Visual Studio Version 17
VisualStudioVersion = 17.0.31903.59
MinimumVisualStudioVersion = 10.0.40219.1
Project("{2150E333-8FDC-42A3-9474-1A3956D46DE8}") = "src", "src", "{B1B5A0A0-1A1A-4A1A-9A1A-1A1A1A1A1A1A}"
EndProject
Project("{2150E333-8FDC-42A3-9474-1A3956D46DE8}") = "tests", "tests", "{B2B5A0A0-1A1A-4A1A-9A1A-1A1A1A1A1A1A}"
EndProject
Project("{FAE04EC0-301F-11D3-BF4B-00C04F79EFBC}") = "AzureOperationsAgents.Core", "AzureOperationsAgents.Core\AzureOperationsAgents.Core.csproj", "{A1B5A0A0-1A1A-4A1A-9A1A-1A1A1A1A1A1A}"
EndProject
Project("{FAE04EC0-301F-11D3-BF4B-00C04F79EFBC}") = "AzureOperationsAgents.Application", "AzureOperationsAgents.Application\AzureOperationsAgents.Application.csproj", "{A2B5A0A0-1A1A-4A1A-9A1A-1A1A1A1A1A1A}"
EndProject
Project("{FAE04EC0-301F-11D3-BF4B-00C04F79EFBC}") = "AzureOperationsAgents.Infrastructure", "AzureOperationsAgents.Infrastructure\AzureOperationsAgents.Infrastructure.csproj", "{A3B5A0A0-1A1A-4A1A-9A1A-1A1A1A1A1A1A}"
EndProject
Project("{FAE04EC0-301F-11D3-BF4B-00C04F79EFBC}") = "AzureOperationsAgents.Agent0ScriptingAPI", "AzureOperationsAgents.Agent0ScriptingAPI\AzureOperationsAgents.Agent0ScriptingAPI.csproj", "{A4B5A0A0-1A1A-4A1A-9A1A-1A1A1A1A1A1A}"
EndProject
Project("{FAE04EC0-301F-11D3-BF4B-00C04F79EFBC}") = "AzureOperationsAgents.Agent1MonitoringFunction", "AzureOperationsAgents.Agent1MonitoringFunction\AzureOperationsAgents.Agent1MonitoringFunction.csproj", "{A5B5A0A0-1A1A-4A1A-9A1A-1A1A1A1A1A1A}"
EndProject
Project("{FAE04EC0-301F-11D3-BF4B-00C04F79EFBC}") = "AzureOperationsAgents.Agent2EventClassifier", "AzureOperationsAgents.Agent2EventClassifier\AzureOperationsAgents.Agent2EventClassifier.csproj", "{41070C75-AF4D-42AB-9AA0-3B1B91B7B5E7}"
EndProject
Project("{FAE04EC0-301F-11D3-BF4B-00C04F79EFBC}") = "AzureOperationsAgents.Agent3Runner", "AzureOperationsAgents.Agent3Runner\AzureOperationsAgents.Agent3Runner.csproj", "{C46CA7AF-0FFB-42E3-BACE-BA723CFB19BB}"
EndProject
Project("{FAE04EC0-301F-11D3-BF4B-00C04F79EFBC}") = "AzureOperationsAgents.Agent4Auditing", "AzureOperationsAgents.Agent4Auditing\AzureOperationsAgents.Agent4Auditing.csproj", "{46C7DBA2-E327-429A-8802-21B60EE9A697}"
EndProject
Project("{FAE04EC0-301F-11D3-BF4B-00C04F79EFBC}") = "AzureOperationsAgents.Agent5Notifyer", "AzureOperationsAgents.Agent5Notifyer\AzureOperationsAgents.Agent5Notifyer.csproj", "{6F8C9C9E-B7CB-4B6E-802C-BADCB1B74DC1}"
EndProject
Project("{FAE04EC0-301F-11D3-BF4B-00C04F79EFBC}") = "AzureOperationsAgents.Agent6Decision", "AzureOperationsAgents.Agent6Decision\AzureOperationsAgents.Agent6Decision.csproj", "{7B9B05A2-9DC4-4FD0-813E-4BF6D09FB7A5}"
EndProject
Project("{2150E333-8FDC-42A3-9474-1A3956D46DE8}") = "Terraform", "Terraform", "{5B2B1250-56DA-484F-8E75-5807A86184B0}"
	ProjectSection(SolutionItems) = preProject
		terraform\variables.tf = terraform\variables.tf
		terraform\configuration\backend-config.tfvars = terraform\configuration\backend-config.tfvars
		terraform\configuration\vars.tfvars = terraform\configuration\vars.tfvars
		terraform\locals.tf = terraform\locals.tf
		terraform\provider-variables.tf = terraform\provider-variables.tf
		terraform\pipeline-agent0.yml = terraform\pipeline-agent0.yml
		terraform\pipeline-agent1.yml = terraform\pipeline-agent1.yml
		terraform\pipeline-agent2.yml = terraform\pipeline-agent2.yml
		terraform\pipeline-agent3.yml = terraform\pipeline-agent3.yml
		terraform\pipeline-agent4.yml = terraform\pipeline-agent4.yml
		terraform\pipeline-agent5.yml = terraform\pipeline-agent5.yml
		terraform\pipeline-agent6.yml = terraform\pipeline-agent6.yml
		terraform\main.tf = terraform\main.tf
		terraform\pipeline-infrastructure.yml = terraform\pipeline-infrastructure.yml
		terraform\provider-main.tf = terraform\provider-main.tf
		terraform\pipeline-UI.yml = terraform\pipeline-UI.yml
		terraform\pipeline-UIBackend.yml = terraform\pipeline-UIBackend.yml
	EndProjectSection
EndProject
Project("{FAE04EC0-301F-11D3-BF4B-00C04F79EFBC}") = "AzureOperationsAgents.UI.Backend", "AzureOperationsAgents.UI.Backend\AzureOperationsAgents.UI.Backend.csproj", "{7495C419-0E88-4C64-85EC-866DAAC64DC5}"
EndProject
Project("{FAE04EC0-301F-11D3-BF4B-00C04F79EFBC}") = "AzureOperationsAgents.UI.Web", "AzureOperationsAgents.UI.Web\AzureOperationsAgents.UI.Web.csproj", "{7B01325F-AB10-4C34-AD1B-FA236ECAE5C1}"
EndProject
Global
	GlobalSection(SolutionConfigurationPlatforms) = preSolution
		Debug|Any CPU = Debug|Any CPU
		Release|Any CPU = Release|Any CPU
	EndGlobalSection
	GlobalSection(ProjectConfigurationPlatforms) = postSolution
		{A1B5A0A0-1A1A-4A1A-9A1A-1A1A1A1A1A1A}.Debug|Any CPU.ActiveCfg = Debug|Any CPU
		{A1B5A0A0-1A1A-4A1A-9A1A-1A1A1A1A1A1A}.Debug|Any CPU.Build.0 = Debug|Any CPU
		{A1B5A0A0-1A1A-4A1A-9A1A-1A1A1A1A1A1A}.Release|Any CPU.ActiveCfg = Release|Any CPU
		{A1B5A0A0-1A1A-4A1A-9A1A-1A1A1A1A1A1A}.Release|Any CPU.Build.0 = Release|Any CPU
		{A2B5A0A0-1A1A-4A1A-9A1A-1A1A1A1A1A1A}.Debug|Any CPU.ActiveCfg = Debug|Any CPU
		{A2B5A0A0-1A1A-4A1A-9A1A-1A1A1A1A1A1A}.Debug|Any CPU.Build.0 = Debug|Any CPU
		{A2B5A0A0-1A1A-4A1A-9A1A-1A1A1A1A1A1A}.Release|Any CPU.ActiveCfg = Release|Any CPU
		{A2B5A0A0-1A1A-4A1A-9A1A-1A1A1A1A1A1A}.Release|Any CPU.Build.0 = Release|Any CPU
		{A3B5A0A0-1A1A-4A1A-9A1A-1A1A1A1A1A1A}.Debug|Any CPU.ActiveCfg = Debug|Any CPU
		{A3B5A0A0-1A1A-4A1A-9A1A-1A1A1A1A1A1A}.Debug|Any CPU.Build.0 = Debug|Any CPU
		{A3B5A0A0-1A1A-4A1A-9A1A-1A1A1A1A1A1A}.Release|Any CPU.ActiveCfg = Release|Any CPU
		{A3B5A0A0-1A1A-4A1A-9A1A-1A1A1A1A1A1A}.Release|Any CPU.Build.0 = Release|Any CPU
		{A4B5A0A0-1A1A-4A1A-9A1A-1A1A1A1A1A1A}.Debug|Any CPU.ActiveCfg = Debug|Any CPU
		{A4B5A0A0-1A1A-4A1A-9A1A-1A1A1A1A1A1A}.Debug|Any CPU.Build.0 = Debug|Any CPU
		{A4B5A0A0-1A1A-4A1A-9A1A-1A1A1A1A1A1A}.Release|Any CPU.ActiveCfg = Release|Any CPU
		{A4B5A0A0-1A1A-4A1A-9A1A-1A1A1A1A1A1A}.Release|Any CPU.Build.0 = Release|Any CPU
		{A5B5A0A0-1A1A-4A1A-9A1A-1A1A1A1A1A1A}.Debug|Any CPU.ActiveCfg = Debug|Any CPU
		{A5B5A0A0-1A1A-4A1A-9A1A-1A1A1A1A1A1A}.Debug|Any CPU.Build.0 = Debug|Any CPU
		{A5B5A0A0-1A1A-4A1A-9A1A-1A1A1A1A1A1A}.Release|Any CPU.ActiveCfg = Release|Any CPU
		{A5B5A0A0-1A1A-4A1A-9A1A-1A1A1A1A1A1A}.Release|Any CPU.Build.0 = Release|Any CPU
		{41070C75-AF4D-42AB-9AA0-3B1B91B7B5E7}.Debug|Any CPU.ActiveCfg = Debug|Any CPU
		{41070C75-AF4D-42AB-9AA0-3B1B91B7B5E7}.Debug|Any CPU.Build.0 = Debug|Any CPU
		{41070C75-AF4D-42AB-9AA0-3B1B91B7B5E7}.Release|Any CPU.ActiveCfg = Release|Any CPU
		{41070C75-AF4D-42AB-9AA0-3B1B91B7B5E7}.Release|Any CPU.Build.0 = Release|Any CPU
		{C46CA7AF-0FFB-42E3-BACE-BA723CFB19BB}.Debug|Any CPU.ActiveCfg = Debug|Any CPU
		{C46CA7AF-0FFB-42E3-BACE-BA723CFB19BB}.Debug|Any CPU.Build.0 = Debug|Any CPU
		{C46CA7AF-0FFB-42E3-BACE-BA723CFB19BB}.Release|Any CPU.ActiveCfg = Release|Any CPU
		{C46CA7AF-0FFB-42E3-BACE-BA723CFB19BB}.Release|Any CPU.Build.0 = Release|Any CPU
		{46C7DBA2-E327-429A-8802-21B60EE9A697}.Debug|Any CPU.ActiveCfg = Debug|Any CPU
		{46C7DBA2-E327-429A-8802-21B60EE9A697}.Debug|Any CPU.Build.0 = Debug|Any CPU
		{46C7DBA2-E327-429A-8802-21B60EE9A697}.Release|Any CPU.ActiveCfg = Release|Any CPU
		{46C7DBA2-E327-429A-8802-21B60EE9A697}.Release|Any CPU.Build.0 = Release|Any CPU
		{6F8C9C9E-B7CB-4B6E-802C-BADCB1B74DC1}.Debug|Any CPU.ActiveCfg = Debug|Any CPU
		{6F8C9C9E-B7CB-4B6E-802C-BADCB1B74DC1}.Debug|Any CPU.Build.0 = Debug|Any CPU
		{6F8C9C9E-B7CB-4B6E-802C-BADCB1B74DC1}.Release|Any CPU.ActiveCfg = Release|Any CPU
		{6F8C9C9E-B7CB-4B6E-802C-BADCB1B74DC1}.Release|Any CPU.Build.0 = Release|Any CPU
		{7B9B05A2-9DC4-4FD0-813E-4BF6D09FB7A5}.Debug|Any CPU.ActiveCfg = Debug|Any CPU
		{7B9B05A2-9DC4-4FD0-813E-4BF6D09FB7A5}.Debug|Any CPU.Build.0 = Debug|Any CPU
		{7B9B05A2-9DC4-4FD0-813E-4BF6D09FB7A5}.Release|Any CPU.ActiveCfg = Release|Any CPU
		{7B9B05A2-9DC4-4FD0-813E-4BF6D09FB7A5}.Release|Any CPU.Build.0 = Release|Any CPU
		{7495C419-0E88-4C64-85EC-866DAAC64DC5}.Debug|Any CPU.ActiveCfg = Debug|Any CPU
		{7495C419-0E88-4C64-85EC-866DAAC64DC5}.Debug|Any CPU.Build.0 = Debug|Any CPU
		{7495C419-0E88-4C64-85EC-866DAAC64DC5}.Release|Any CPU.ActiveCfg = Release|Any CPU
		{7495C419-0E88-4C64-85EC-866DAAC64DC5}.Release|Any CPU.Build.0 = Release|Any CPU
		{7B01325F-AB10-4C34-AD1B-FA236ECAE5C1}.Debug|Any CPU.ActiveCfg = Debug|Any CPU
		{7B01325F-AB10-4C34-AD1B-FA236ECAE5C1}.Debug|Any CPU.Build.0 = Debug|Any CPU
		{7B01325F-AB10-4C34-AD1B-FA236ECAE5C1}.Release|Any CPU.ActiveCfg = Release|Any CPU
		{7B01325F-AB10-4C34-AD1B-FA236ECAE5C1}.Release|Any CPU.Build.0 = Release|Any CPU
	EndGlobalSection
	GlobalSection(SolutionProperties) = preSolution
		HideSolutionNode = FALSE
	EndGlobalSection
	GlobalSection(NestedProjects) = preSolution
		{A1B5A0A0-1A1A-4A1A-9A1A-1A1A1A1A1A1A} = {B1B5A0A0-1A1A-4A1A-9A1A-1A1A1A1A1A1A}
		{A2B5A0A0-1A1A-4A1A-9A1A-1A1A1A1A1A1A} = {B1B5A0A0-1A1A-4A1A-9A1A-1A1A1A1A1A1A}
		{A3B5A0A0-1A1A-4A1A-9A1A-1A1A1A1A1A1A} = {B1B5A0A0-1A1A-4A1A-9A1A-1A1A1A1A1A1A}
		{A4B5A0A0-1A1A-4A1A-9A1A-1A1A1A1A1A1A} = {B1B5A0A0-1A1A-4A1A-9A1A-1A1A1A1A1A1A}
		{A5B5A0A0-1A1A-4A1A-9A1A-1A1A1A1A1A1A} = {B1B5A0A0-1A1A-4A1A-9A1A-1A1A1A1A1A1A}
		{41070C75-AF4D-42AB-9AA0-3B1B91B7B5E7} = {B1B5A0A0-1A1A-4A1A-9A1A-1A1A1A1A1A1A}
		{C46CA7AF-0FFB-42E3-BACE-BA723CFB19BB} = {B1B5A0A0-1A1A-4A1A-9A1A-1A1A1A1A1A1A}
		{46C7DBA2-E327-429A-8802-21B60EE9A697} = {B1B5A0A0-1A1A-4A1A-9A1A-1A1A1A1A1A1A}
		{6F8C9C9E-B7CB-4B6E-802C-BADCB1B74DC1} = {B1B5A0A0-1A1A-4A1A-9A1A-1A1A1A1A1A1A}
		{7B9B05A2-9DC4-4FD0-813E-4BF6D09FB7A5} = {B1B5A0A0-1A1A-4A1A-9A1A-1A1A1A1A1A1A}
		{7495C419-0E88-4C64-85EC-866DAAC64DC5} = {B1B5A0A0-1A1A-4A1A-9A1A-1A1A1A1A1A1A}
		{7B01325F-AB10-4C34-AD1B-FA236ECAE5C1} = {B1B5A0A0-1A1A-4A1A-9A1A-1A1A1A1A1A1A}
	EndGlobalSection
EndGlobal
